
Microsoft Visual Studio Solution File, Format Version 12.00
# Visual Studio Version 17
VisualStudioVersion = 17.9.34622.214
MinimumVisualStudioVersion = 10.0.40219.1
Project("{FAE04EC0-301F-11D3-BF4B-00C04F79EFBC}") = "ConsoleAppTest", "ConsoleAppTest.csproj", "{AA14DAE7-5B54-4EA8-8BB3-5613CC32BC14}"
EndProject
Global
	GlobalSection(SolutionConfigurationPlatforms) = preSolution
		Debug|Any CPU = Debug|Any CPU
		Release|Any CPU = Release|Any CPU
	EndGlobalSection
	GlobalSection(ProjectConfigurationPlatforms) = postSolution
		{AA14DAE7-5B54-4EA8-8BB3-5613CC32BC14}.Debug|Any CPU.ActiveCfg = Debug|Any CPU
		{AA14DAE7-5B54-4EA8-8BB3-5613CC32BC14}.Debug|Any CPU.Build.0 = Debug|Any CPU
		{AA14DAE7-5B54-4EA8-8BB3-5613CC32BC14}.Release|Any CPU.ActiveCfg = Release|Any CPU
		{AA14DAE7-5B54-4EA8-8BB3-5613CC32BC14}.Release|Any CPU.Build.0 = Release|Any CPU
	EndGlobalSection
	GlobalSection(SolutionProperties) = preSolution
		HideSolutionNode = FALSE
	EndGlobalSection
	GlobalSection(ExtensibilityGlobals) = postSolution
		SolutionGuid = {B50EE680-9F3D-45F5-A1AB-2F5B172DF177}
	EndGlobalSection
EndGlobal
